
Microsoft Visual Studio Solution File, Format Version 12.00
# Visual Studio Version 17
VisualStudioVersion = 17.13.35931.197
MinimumVisualStudioVersion = 10.0.40219.1
Project("{FAE04EC0-301F-11D3-BF4B-00C04F79EFBC}") = "rastreabilidadeAnimais", "RastreabilidadeAnimais\rastreabilidadeAnimais.csproj", "{42FB9113-47A2-44FE-B353-CFE1856675FD}"
EndProject
Project("{FAE04EC0-301F-11D3-BF4B-00C04F79EFBC}") = "rastreabilidadeAnimals.Tests", "rastreabilidadeAnimals.Tests\rastreabilidadeAnimals.Tests.csproj", "{7C00DF12-9BC3-4793-90B7-5644CE791912}"
	ProjectSection(ProjectDependencies) = postProject
		{42FB9113-47A2-44FE-B353-CFE1856675FD} = {42FB9113-47A2-44FE-B353-CFE1856675FD}
	EndProjectSection
EndProject
Global
	GlobalSection(SolutionConfigurationPlatforms) = preSolution
		Debug|Any CPU = Debug|Any CPU
		Release|Any CPU = Release|Any CPU
	EndGlobalSection
	GlobalSection(ProjectConfigurationPlatforms) = postSolution
		{42FB9113-47A2-44FE-B353-CFE1856675FD}.Debug|Any CPU.ActiveCfg = Debug|Any CPU
		{42FB9113-47A2-44FE-B353-CFE1856675FD}.Debug|Any CPU.Build.0 = Debug|Any CPU
		{42FB9113-47A2-44FE-B353-CFE1856675FD}.Release|Any CPU.ActiveCfg = Release|Any CPU
		{42FB9113-47A2-44FE-B353-CFE1856675FD}.Release|Any CPU.Build.0 = Release|Any CPU
		{7C00DF12-9BC3-4793-90B7-5644CE791912}.Debug|Any CPU.ActiveCfg = Debug|Any CPU
		{7C00DF12-9BC3-4793-90B7-5644CE791912}.Debug|Any CPU.Build.0 = Debug|Any CPU
		{7C00DF12-9BC3-4793-90B7-5644CE791912}.Release|Any CPU.ActiveCfg = Release|Any CPU
		{7C00DF12-9BC3-4793-90B7-5644CE791912}.Release|Any CPU.Build.0 = Release|Any CPU
	EndGlobalSection
	GlobalSection(SolutionProperties) = preSolution
		HideSolutionNode = FALSE
	EndGlobalSection
	GlobalSection(ExtensibilityGlobals) = postSolution
		SolutionGuid = {7A85C83B-8059-42A6-A8EE-6D1FA615FB15}
	EndGlobalSection
EndGlobal
